
Microsoft Visual Studio Solution File, Format Version 12.00
# Visual Studio Version 16
VisualStudioVersion = 16.0.30804.86
MinimumVisualStudioVersion = 10.0.40219.1
Project("{9A19103F-16F7-4668-BE54-9A1E7A4F7556}") = "Tasks", "Tasks\Tasks.csproj", "{DF8DB289-B9C0-4C74-AD7C-80AFDD600D55}"
EndProject
Project("{9A19103F-16F7-4668-BE54-9A1E7A4F7556}") = "Tasks.Tests", "UnitTestProject1\Tasks.Tests.csproj", "{111F9D85-F4EB-489F-BA41-4705138A6C86}"
EndProject
Global
	GlobalSection(SolutionConfigurationPlatforms) = preSolution
		Debug|Any CPU = Debug|Any CPU
		Release|Any CPU = Release|Any CPU
	EndGlobalSection
	GlobalSection(ProjectConfigurationPlatforms) = postSolution
		{DF8DB289-B9C0-4C74-AD7C-80AFDD600D55}.Debug|Any CPU.ActiveCfg = Debug|Any CPU
		{DF8DB289-B9C0-4C74-AD7C-80AFDD600D55}.Debug|Any CPU.Build.0 = Debug|Any CPU
		{DF8DB289-B9C0-4C74-AD7C-80AFDD600D55}.Release|Any CPU.ActiveCfg = Release|Any CPU
		{DF8DB289-B9C0-4C74-AD7C-80AFDD600D55}.Release|Any CPU.Build.0 = Release|Any CPU
		{111F9D85-F4EB-489F-BA41-4705138A6C86}.Debug|Any CPU.ActiveCfg = Debug|Any CPU
		{111F9D85-F4EB-489F-BA41-4705138A6C86}.Debug|Any CPU.Build.0 = Debug|Any CPU
		{111F9D85-F4EB-489F-BA41-4705138A6C86}.Release|Any CPU.ActiveCfg = Release|Any CPU
		{111F9D85-F4EB-489F-BA41-4705138A6C86}.Release|Any CPU.Build.0 = Release|Any CPU
	EndGlobalSection
	GlobalSection(SolutionProperties) = preSolution
		HideSolutionNode = FALSE
	EndGlobalSection
	GlobalSection(ExtensibilityGlobals) = postSolution
		SolutionGuid = {A5AC4DFF-E071-41C1-B1C4-02384639750F}
	EndGlobalSection
EndGlobal
